
Microsoft Visual Studio Solution File, Format Version 12.00
# Visual Studio Version 16
VisualStudioVersion = 16.0.32106.194
MinimumVisualStudioVersion = 10.0.40219.1
Project("{9A19103F-16F7-4668-BE54-9A1E7A4F7556}") = "Learning", "Learning.csproj", "{FEA091B5-F74F-445F-A75A-7E994835A956}"
EndProject
Project("{FAE04EC0-301F-11D3-BF4B-00C04F79EFBC}") = "Encapsulamento", "..\Encapsulamento\Encapsulamento.csproj", "{525BBFD9-76C3-42E0-9A70-748AD9CB7B1D}"
EndProject
Global
	GlobalSection(SolutionConfigurationPlatforms) = preSolution
		Debug|Any CPU = Debug|Any CPU
		Release|Any CPU = Release|Any CPU
	EndGlobalSection
	GlobalSection(ProjectConfigurationPlatforms) = postSolution
		{FEA091B5-F74F-445F-A75A-7E994835A956}.Debug|Any CPU.ActiveCfg = Debug|Any CPU
		{FEA091B5-F74F-445F-A75A-7E994835A956}.Debug|Any CPU.Build.0 = Debug|Any CPU
		{FEA091B5-F74F-445F-A75A-7E994835A956}.Release|Any CPU.ActiveCfg = Release|Any CPU
		{FEA091B5-F74F-445F-A75A-7E994835A956}.Release|Any CPU.Build.0 = Release|Any CPU
		{525BBFD9-76C3-42E0-9A70-748AD9CB7B1D}.Debug|Any CPU.ActiveCfg = Debug|Any CPU
		{525BBFD9-76C3-42E0-9A70-748AD9CB7B1D}.Debug|Any CPU.Build.0 = Debug|Any CPU
		{525BBFD9-76C3-42E0-9A70-748AD9CB7B1D}.Release|Any CPU.ActiveCfg = Release|Any CPU
		{525BBFD9-76C3-42E0-9A70-748AD9CB7B1D}.Release|Any CPU.Build.0 = Release|Any CPU
	EndGlobalSection
	GlobalSection(SolutionProperties) = preSolution
		HideSolutionNode = FALSE
	EndGlobalSection
	GlobalSection(ExtensibilityGlobals) = postSolution
		SolutionGuid = {5D9336FF-BC95-4714-9711-B60097AAEE3F}
	EndGlobalSection
EndGlobal
